
Microsoft Visual Studio Solution File, Format Version 12.00
# Visual Studio 15
VisualStudioVersion = 15.0.27130.2027
MinimumVisualStudioVersion = 10.0.40219.1
Project("{888888A0-9F3D-457C-B088-3A5042F75D52}") = "PyHelloWorld", "PyHelloWorld\PyHelloWorld.pyproj", "{6227F128-E7A8-4B73-8C86-658C6AE6A446}"
EndProject
Global
	GlobalSection(SolutionConfigurationPlatforms) = preSolution
		Debug|Any CPU = Debug|Any CPU
		Release|Any CPU = Release|Any CPU
	EndGlobalSection
	GlobalSection(ProjectConfigurationPlatforms) = postSolution
		{6227F128-E7A8-4B73-8C86-658C6AE6A446}.Debug|Any CPU.ActiveCfg = Debug|Any CPU
		{6227F128-E7A8-4B73-8C86-658C6AE6A446}.Release|Any CPU.ActiveCfg = Release|Any CPU
	EndGlobalSection
	GlobalSection(SolutionProperties) = preSolution
		HideSolutionNode = FALSE
	EndGlobalSection
	GlobalSection(ExtensibilityGlobals) = postSolution
		SolutionGuid = {9FCF1726-A5AC-4BD9-83F2-0882FCA4CFD0}
	EndGlobalSection
EndGlobal
