
Microsoft Visual Studio Solution File, Format Version 12.00
# Visual Studio 15
VisualStudioVersion = 15.0.27130.2010
MinimumVisualStudioVersion = 10.0.40219.1
Project("{888888A0-9F3D-457C-B088-3A5042F75D52}") = "PythonHelloWorld", "PythonHelloWorld\PythonHelloWorld.pyproj", "{50B7963B-130E-4799-8702-691367E7D78B}"
EndProject
Global
	GlobalSection(SolutionConfigurationPlatforms) = preSolution
		Debug|Any CPU = Debug|Any CPU
		Release|Any CPU = Release|Any CPU
	EndGlobalSection
	GlobalSection(ProjectConfigurationPlatforms) = postSolution
		{50B7963B-130E-4799-8702-691367E7D78B}.Debug|Any CPU.ActiveCfg = Debug|Any CPU
		{50B7963B-130E-4799-8702-691367E7D78B}.Release|Any CPU.ActiveCfg = Release|Any CPU
	EndGlobalSection
	GlobalSection(SolutionProperties) = preSolution
		HideSolutionNode = FALSE
	EndGlobalSection
	GlobalSection(ExtensibilityGlobals) = postSolution
		SolutionGuid = {B9D2E69B-DD50-42BE-8095-5332CFC03378}
	EndGlobalSection
EndGlobal
